
Microsoft Visual Studio Solution File, Format Version 12.00
# Visual Studio Version 16
VisualStudioVersion = 16.0.28917.181
MinimumVisualStudioVersion = 10.0.40219.1
Project("{888888A0-9F3D-457C-B088-3A5042F75D52}") = "PythonApplication9", "PythonApplication9\PythonApplication9.pyproj", "{2C5B5722-5DCB-4125-A1EB-BBF9987B3480}"
EndProject
Global
	GlobalSection(SolutionConfigurationPlatforms) = preSolution
		Debug|Any CPU = Debug|Any CPU
		Release|Any CPU = Release|Any CPU
	EndGlobalSection
	GlobalSection(ProjectConfigurationPlatforms) = postSolution
		{2C5B5722-5DCB-4125-A1EB-BBF9987B3480}.Debug|Any CPU.ActiveCfg = Debug|Any CPU
		{2C5B5722-5DCB-4125-A1EB-BBF9987B3480}.Release|Any CPU.ActiveCfg = Release|Any CPU
	EndGlobalSection
	GlobalSection(SolutionProperties) = preSolution
		HideSolutionNode = FALSE
	EndGlobalSection
	GlobalSection(ExtensibilityGlobals) = postSolution
		SolutionGuid = {DFE0C6FD-8793-479B-8326-241E7720C8EB}
	EndGlobalSection
EndGlobal
